
Microsoft Visual Studio Solution File, Format Version 12.00
# Visual Studio Version 16
VisualStudioVersion = 16.0.30128.74
MinimumVisualStudioVersion = 10.0.40219.1
Project("{FAE04EC0-301F-11D3-BF4B-00C04F79EFBC}") = "OAuth2Fb", "OAuth2Fb\OAuth2Fb.csproj", "{805E5C40-4DC5-44C5-A112-D7126C2561BD}"
EndProject
Global
	GlobalSection(SolutionConfigurationPlatforms) = preSolution
		Debug|Any CPU = Debug|Any CPU
		Release|Any CPU = Release|Any CPU
	EndGlobalSection
	GlobalSection(ProjectConfigurationPlatforms) = postSolution
		{805E5C40-4DC5-44C5-A112-D7126C2561BD}.Debug|Any CPU.ActiveCfg = Debug|Any CPU
		{805E5C40-4DC5-44C5-A112-D7126C2561BD}.Debug|Any CPU.Build.0 = Debug|Any CPU
		{805E5C40-4DC5-44C5-A112-D7126C2561BD}.Release|Any CPU.ActiveCfg = Release|Any CPU
		{805E5C40-4DC5-44C5-A112-D7126C2561BD}.Release|Any CPU.Build.0 = Release|Any CPU
	EndGlobalSection
	GlobalSection(SolutionProperties) = preSolution
		HideSolutionNode = FALSE
	EndGlobalSection
	GlobalSection(ExtensibilityGlobals) = postSolution
		SolutionGuid = {D1A24D36-3A5D-462B-903A-224CC11D26D7}
	EndGlobalSection
EndGlobal
